
Microsoft Visual Studio Solution File, Format Version 12.00
# Visual Studio 15
VisualStudioVersion = 15.0.27130.2003
MinimumVisualStudioVersion = 10.0.40219.1
Project("{FAE04EC0-301F-11D3-BF4B-00C04F79EFBC}") = "Stendahls.Sc.MediaIndexing", "Stendahls.Sc.MediaIndexing\Stendahls.Sc.MediaIndexing.csproj", "{A6191079-82C3-4541-AB21-BD31D6EC81F8}"
EndProject
Project("{2150E333-8FDC-42A3-9474-1A3956D46DE8}") = "Solution Items", "Solution Items", "{479EF491-5F1B-470D-835E-F7B60A1D671B}"
	ProjectSection(SolutionItems) = preProject
		README.md = README.md
	EndProjectSection
EndProject
Global
	GlobalSection(SolutionConfigurationPlatforms) = preSolution
		Debug|Any CPU = Debug|Any CPU
		Release|Any CPU = Release|Any CPU
	EndGlobalSection
	GlobalSection(ProjectConfigurationPlatforms) = postSolution
		{A6191079-82C3-4541-AB21-BD31D6EC81F8}.Debug|Any CPU.ActiveCfg = Debug|Any CPU
		{A6191079-82C3-4541-AB21-BD31D6EC81F8}.Debug|Any CPU.Build.0 = Debug|Any CPU
		{A6191079-82C3-4541-AB21-BD31D6EC81F8}.Release|Any CPU.ActiveCfg = Release|Any CPU
		{A6191079-82C3-4541-AB21-BD31D6EC81F8}.Release|Any CPU.Build.0 = Release|Any CPU
	EndGlobalSection
	GlobalSection(SolutionProperties) = preSolution
		HideSolutionNode = FALSE
	EndGlobalSection
	GlobalSection(ExtensibilityGlobals) = postSolution
		SolutionGuid = {047D4A41-6826-4855-A5B5-38F398921B0B}
	EndGlobalSection
EndGlobal
